
Microsoft Visual Studio Solution File, Format Version 12.00
# Visual Studio Version 17
VisualStudioVersion = 17.6.33829.357
MinimumVisualStudioVersion = 10.0.40219.1
Project("{9A19103F-16F7-4668-BE54-9A1E7A4F7556}") = "CBriscola-Demo", "CBriscola-Demo\CBriscola-Demo.csproj", "{4A47825F-69A0-41BF-B1D0-13865631FFAE}"
EndProject
Project("{9A19103F-16F7-4668-BE54-9A1E7A4F7556}") = "CBriscola-Demo.Android", "CBriscola-Demo.Android\CBriscola-Demo.Android.csproj", "{9B3755C8-6294-4D2A-8346-3065C6788F1D}"
EndProject
Project("{9A19103F-16F7-4668-BE54-9A1E7A4F7556}") = "CBriscola-Demo.Desktop", "CBriscola-Demo.Desktop\CBriscola-Demo.Desktop.csproj", "{45CAF6CA-78DD-4FC1-9310-E74DCDCF6BA3}"
EndProject
Global
	GlobalSection(SolutionConfigurationPlatforms) = preSolution
		Debug|Any CPU = Debug|Any CPU
		Release|Any CPU = Release|Any CPU
	EndGlobalSection
	GlobalSection(ProjectConfigurationPlatforms) = postSolution
		{4A47825F-69A0-41BF-B1D0-13865631FFAE}.Debug|Any CPU.ActiveCfg = Debug|Any CPU
		{4A47825F-69A0-41BF-B1D0-13865631FFAE}.Debug|Any CPU.Build.0 = Debug|Any CPU
		{4A47825F-69A0-41BF-B1D0-13865631FFAE}.Release|Any CPU.ActiveCfg = Release|Any CPU
		{4A47825F-69A0-41BF-B1D0-13865631FFAE}.Release|Any CPU.Build.0 = Release|Any CPU
		{9B3755C8-6294-4D2A-8346-3065C6788F1D}.Debug|Any CPU.ActiveCfg = Debug|Any CPU
		{9B3755C8-6294-4D2A-8346-3065C6788F1D}.Debug|Any CPU.Build.0 = Debug|Any CPU
		{9B3755C8-6294-4D2A-8346-3065C6788F1D}.Debug|Any CPU.Deploy.0 = Debug|Any CPU
		{9B3755C8-6294-4D2A-8346-3065C6788F1D}.Release|Any CPU.ActiveCfg = Release|Any CPU
		{9B3755C8-6294-4D2A-8346-3065C6788F1D}.Release|Any CPU.Build.0 = Release|Any CPU
		{9B3755C8-6294-4D2A-8346-3065C6788F1D}.Release|Any CPU.Deploy.0 = Release|Any CPU
		{45CAF6CA-78DD-4FC1-9310-E74DCDCF6BA3}.Debug|Any CPU.ActiveCfg = Debug|Any CPU
		{45CAF6CA-78DD-4FC1-9310-E74DCDCF6BA3}.Debug|Any CPU.Build.0 = Debug|Any CPU
		{45CAF6CA-78DD-4FC1-9310-E74DCDCF6BA3}.Release|Any CPU.ActiveCfg = Release|Any CPU
		{45CAF6CA-78DD-4FC1-9310-E74DCDCF6BA3}.Release|Any CPU.Build.0 = Release|Any CPU
	EndGlobalSection
	GlobalSection(SolutionProperties) = preSolution
		HideSolutionNode = FALSE
	EndGlobalSection
	GlobalSection(ExtensibilityGlobals) = postSolution
		SolutionGuid = {39BD5C0B-BDD5-43D2-8C4F-AF3B75D8067C}
	EndGlobalSection
EndGlobal
